
Microsoft Visual Studio Solution File, Format Version 12.00
# Visual Studio Version 17
VisualStudioVersion = 17.11.35222.181
MinimumVisualStudioVersion = 10.0.40219.1
Project("{9A19103F-16F7-4668-BE54-9A1E7A4F7556}") = "p15Transaction", "p15Transaction.csproj", "{F12EBCF5-E613-4AFF-9DB1-E6454C25BD74}"
EndProject
Global
	GlobalSection(SolutionConfigurationPlatforms) = preSolution
		Debug|Any CPU = Debug|Any CPU
		Release|Any CPU = Release|Any CPU
	EndGlobalSection
	GlobalSection(ProjectConfigurationPlatforms) = postSolution
		{F12EBCF5-E613-4AFF-9DB1-E6454C25BD74}.Debug|Any CPU.ActiveCfg = Debug|Any CPU
		{F12EBCF5-E613-4AFF-9DB1-E6454C25BD74}.Debug|Any CPU.Build.0 = Debug|Any CPU
		{F12EBCF5-E613-4AFF-9DB1-E6454C25BD74}.Release|Any CPU.ActiveCfg = Release|Any CPU
		{F12EBCF5-E613-4AFF-9DB1-E6454C25BD74}.Release|Any CPU.Build.0 = Release|Any CPU
	EndGlobalSection
	GlobalSection(SolutionProperties) = preSolution
		HideSolutionNode = FALSE
	EndGlobalSection
	GlobalSection(ExtensibilityGlobals) = postSolution
		SolutionGuid = {6955AC87-3CB0-44EB-8EEF-571324FC1339}
	EndGlobalSection
EndGlobal
